
Microsoft Visual Studio Solution File, Format Version 12.00
# Visual Studio Version 17
VisualStudioVersion = 17.0.31903.59
MinimumVisualStudioVersion = 10.0.40219.1
Project("{2150E333-8FDC-42A3-9474-1A3956D46DE8}") = "src", "src", "{827E0CD3-B72D-47B6-A68D-7590B98EB39B}"
EndProject
Project("{FAE04EC0-301F-11D3-BF4B-00C04F79EFBC}") = "TelegramBot.API", "src\TelegramBot.API\TelegramBot.API.csproj", "{94D59859-44E4-4473-A8D7-4BF8A17EE187}"
EndProject
Project("{FAE04EC0-301F-11D3-BF4B-00C04F79EFBC}") = "TelegramBot.Core", "src\TelegramBot.Core\TelegramBot.Core.csproj", "{C9C1C71E-3E0E-40B3-8143-ABEDC6C99A5D}"
EndProject
Project("{FAE04EC0-301F-11D3-BF4B-00C04F79EFBC}") = "TelegramBot.Infrastructure", "src\TelegramBot.Infrastructure\TelegramBot.Infrastructure.csproj", "{7466DC5B-EAE2-4E65-8989-FBE171F7263F}"
EndProject
Project("{FAE04EC0-301F-11D3-BF4B-00C04F79EFBC}") = "TelegramBot.BotService", "src\TelegramBot.BotService\TelegramBot.BotService.csproj", "{DF256432-DB1C-4FD7-9530-3CBEA67C9B54}"
EndProject
Project("{FAE04EC0-301F-11D3-BF4B-00C04F79EFBC}") = "TelegramBot.Dashboard", "src\TelegramBot.Dashboard\TelegramBot.Dashboard.csproj", "{D846071E-D742-440E-B7E8-A6DCB2608813}"
EndProject
Global
	GlobalSection(SolutionConfigurationPlatforms) = preSolution
		Debug|Any CPU = Debug|Any CPU
		Debug|x64 = Debug|x64
		Debug|x86 = Debug|x86
		Release|Any CPU = Release|Any CPU
		Release|x64 = Release|x64
		Release|x86 = Release|x86
	EndGlobalSection
	GlobalSection(ProjectConfigurationPlatforms) = postSolution
		{94D59859-44E4-4473-A8D7-4BF8A17EE187}.Debug|Any CPU.ActiveCfg = Debug|Any CPU
		{94D59859-44E4-4473-A8D7-4BF8A17EE187}.Debug|Any CPU.Build.0 = Debug|Any CPU
		{94D59859-44E4-4473-A8D7-4BF8A17EE187}.Debug|x64.ActiveCfg = Debug|Any CPU
		{94D59859-44E4-4473-A8D7-4BF8A17EE187}.Debug|x64.Build.0 = Debug|Any CPU
		{94D59859-44E4-4473-A8D7-4BF8A17EE187}.Debug|x86.ActiveCfg = Debug|Any CPU
		{94D59859-44E4-4473-A8D7-4BF8A17EE187}.Debug|x86.Build.0 = Debug|Any CPU
		{94D59859-44E4-4473-A8D7-4BF8A17EE187}.Release|Any CPU.ActiveCfg = Release|Any CPU
		{94D59859-44E4-4473-A8D7-4BF8A17EE187}.Release|Any CPU.Build.0 = Release|Any CPU
		{94D59859-44E4-4473-A8D7-4BF8A17EE187}.Release|x64.ActiveCfg = Release|Any CPU
		{94D59859-44E4-4473-A8D7-4BF8A17EE187}.Release|x64.Build.0 = Release|Any CPU
		{94D59859-44E4-4473-A8D7-4BF8A17EE187}.Release|x86.ActiveCfg = Release|Any CPU
		{94D59859-44E4-4473-A8D7-4BF8A17EE187}.Release|x86.Build.0 = Release|Any CPU
		{C9C1C71E-3E0E-40B3-8143-ABEDC6C99A5D}.Debug|Any CPU.ActiveCfg = Debug|Any CPU
		{C9C1C71E-3E0E-40B3-8143-ABEDC6C99A5D}.Debug|Any CPU.Build.0 = Debug|Any CPU
		{C9C1C71E-3E0E-40B3-8143-ABEDC6C99A5D}.Debug|x64.ActiveCfg = Debug|Any CPU
		{C9C1C71E-3E0E-40B3-8143-ABEDC6C99A5D}.Debug|x64.Build.0 = Debug|Any CPU
		{C9C1C71E-3E0E-40B3-8143-ABEDC6C99A5D}.Debug|x86.ActiveCfg = Debug|Any CPU
		{C9C1C71E-3E0E-40B3-8143-ABEDC6C99A5D}.Debug|x86.Build.0 = Debug|Any CPU
		{C9C1C71E-3E0E-40B3-8143-ABEDC6C99A5D}.Release|Any CPU.ActiveCfg = Release|Any CPU
		{C9C1C71E-3E0E-40B3-8143-ABEDC6C99A5D}.Release|Any CPU.Build.0 = Release|Any CPU
		{C9C1C71E-3E0E-40B3-8143-ABEDC6C99A5D}.Release|x64.ActiveCfg = Release|Any CPU
		{C9C1C71E-3E0E-40B3-8143-ABEDC6C99A5D}.Release|x64.Build.0 = Release|Any CPU
		{C9C1C71E-3E0E-40B3-8143-ABEDC6C99A5D}.Release|x86.ActiveCfg = Release|Any CPU
		{C9C1C71E-3E0E-40B3-8143-ABEDC6C99A5D}.Release|x86.Build.0 = Release|Any CPU
		{7466DC5B-EAE2-4E65-8989-FBE171F7263F}.Debug|Any CPU.ActiveCfg = Debug|Any CPU
		{7466DC5B-EAE2-4E65-8989-FBE171F7263F}.Debug|Any CPU.Build.0 = Debug|Any CPU
		{7466DC5B-EAE2-4E65-8989-FBE171F7263F}.Debug|x64.ActiveCfg = Debug|Any CPU
		{7466DC5B-EAE2-4E65-8989-FBE171F7263F}.Debug|x64.Build.0 = Debug|Any CPU
		{7466DC5B-EAE2-4E65-8989-FBE171F7263F}.Debug|x86.ActiveCfg = Debug|Any CPU
		{7466DC5B-EAE2-4E65-8989-FBE171F7263F}.Debug|x86.Build.0 = Debug|Any CPU
		{7466DC5B-EAE2-4E65-8989-FBE171F7263F}.Release|Any CPU.ActiveCfg = Release|Any CPU
		{7466DC5B-EAE2-4E65-8989-FBE171F7263F}.Release|Any CPU.Build.0 = Release|Any CPU
		{7466DC5B-EAE2-4E65-8989-FBE171F7263F}.Release|x64.ActiveCfg = Release|Any CPU
		{7466DC5B-EAE2-4E65-8989-FBE171F7263F}.Release|x64.Build.0 = Release|Any CPU
		{7466DC5B-EAE2-4E65-8989-FBE171F7263F}.Release|x86.ActiveCfg = Release|Any CPU
		{7466DC5B-EAE2-4E65-8989-FBE171F7263F}.Release|x86.Build.0 = Release|Any CPU
		{DF256432-DB1C-4FD7-9530-3CBEA67C9B54}.Debug|Any CPU.ActiveCfg = Debug|Any CPU
		{DF256432-DB1C-4FD7-9530-3CBEA67C9B54}.Debug|Any CPU.Build.0 = Debug|Any CPU
		{DF256432-DB1C-4FD7-9530-3CBEA67C9B54}.Debug|x64.ActiveCfg = Debug|Any CPU
		{DF256432-DB1C-4FD7-9530-3CBEA67C9B54}.Debug|x64.Build.0 = Debug|Any CPU
		{DF256432-DB1C-4FD7-9530-3CBEA67C9B54}.Debug|x86.ActiveCfg = Debug|Any CPU
		{DF256432-DB1C-4FD7-9530-3CBEA67C9B54}.Debug|x86.Build.0 = Debug|Any CPU
		{DF256432-DB1C-4FD7-9530-3CBEA67C9B54}.Release|Any CPU.ActiveCfg = Release|Any CPU
		{DF256432-DB1C-4FD7-9530-3CBEA67C9B54}.Release|Any CPU.Build.0 = Release|Any CPU
		{DF256432-DB1C-4FD7-9530-3CBEA67C9B54}.Release|x64.ActiveCfg = Release|Any CPU
		{DF256432-DB1C-4FD7-9530-3CBEA67C9B54}.Release|x64.Build.0 = Release|Any CPU
		{DF256432-DB1C-4FD7-9530-3CBEA67C9B54}.Release|x86.ActiveCfg = Release|Any CPU
		{DF256432-DB1C-4FD7-9530-3CBEA67C9B54}.Release|x86.Build.0 = Release|Any CPU
		{D846071E-D742-440E-B7E8-A6DCB2608813}.Debug|Any CPU.ActiveCfg = Debug|Any CPU
		{D846071E-D742-440E-B7E8-A6DCB2608813}.Debug|Any CPU.Build.0 = Debug|Any CPU
		{D846071E-D742-440E-B7E8-A6DCB2608813}.Debug|x64.ActiveCfg = Debug|Any CPU
		{D846071E-D742-440E-B7E8-A6DCB2608813}.Debug|x64.Build.0 = Debug|Any CPU
		{D846071E-D742-440E-B7E8-A6DCB2608813}.Debug|x86.ActiveCfg = Debug|Any CPU
		{D846071E-D742-440E-B7E8-A6DCB2608813}.Debug|x86.Build.0 = Debug|Any CPU
		{D846071E-D742-440E-B7E8-A6DCB2608813}.Release|Any CPU.ActiveCfg = Release|Any CPU
		{D846071E-D742-440E-B7E8-A6DCB2608813}.Release|Any CPU.Build.0 = Release|Any CPU
		{D846071E-D742-440E-B7E8-A6DCB2608813}.Release|x64.ActiveCfg = Release|Any CPU
		{D846071E-D742-440E-B7E8-A6DCB2608813}.Release|x64.Build.0 = Release|Any CPU
		{D846071E-D742-440E-B7E8-A6DCB2608813}.Release|x86.ActiveCfg = Release|Any CPU
		{D846071E-D742-440E-B7E8-A6DCB2608813}.Release|x86.Build.0 = Release|Any CPU
	EndGlobalSection
	GlobalSection(SolutionProperties) = preSolution
		HideSolutionNode = FALSE
	EndGlobalSection
	GlobalSection(NestedProjects) = preSolution
		{94D59859-44E4-4473-A8D7-4BF8A17EE187} = {827E0CD3-B72D-47B6-A68D-7590B98EB39B}
		{C9C1C71E-3E0E-40B3-8143-ABEDC6C99A5D} = {827E0CD3-B72D-47B6-A68D-7590B98EB39B}
		{7466DC5B-EAE2-4E65-8989-FBE171F7263F} = {827E0CD3-B72D-47B6-A68D-7590B98EB39B}
		{DF256432-DB1C-4FD7-9530-3CBEA67C9B54} = {827E0CD3-B72D-47B6-A68D-7590B98EB39B}
		{D846071E-D742-440E-B7E8-A6DCB2608813} = {827E0CD3-B72D-47B6-A68D-7590B98EB39B}
	EndGlobalSection
EndGlobal
